
Microsoft Visual Studio Solution File, Format Version 12.00
# Visual Studio Version 17
VisualStudioVersion = 17.7.34009.444
MinimumVisualStudioVersion = 10.0.40219.1
Project("{9A19103F-16F7-4668-BE54-9A1E7A4F7556}") = "ms-expensify.Domain", "ms-expensify.Domain\ms-expensify.Domain.csproj", "{FD3AB4BA-E124-4BC8-9527-82B596FFB32F}"
EndProject
Project("{9A19103F-16F7-4668-BE54-9A1E7A4F7556}") = "ms-expensify.Api", "ms-expensify.Api\ms-expensify.Api.csproj", "{DE90C956-0370-43FE-950F-5326196181C2}"
EndProject
Project("{9A19103F-16F7-4668-BE54-9A1E7A4F7556}") = "ms-expensify.Application", "ms-expensify.Application\ms-expensify.Application.csproj", "{EF1161BB-F69E-420A-AF20-4EC83ED5E4BF}"
EndProject
Project("{9A19103F-16F7-4668-BE54-9A1E7A4F7556}") = "ms-expensify.Infraestructure", "ms-expensify.Infraestructure\ms-expensify.Infraestructure.csproj", "{C1904AF6-FB0E-4199-BB83-1080562AFBE5}"
EndProject
Global
	GlobalSection(SolutionConfigurationPlatforms) = preSolution
		Debug|Any CPU = Debug|Any CPU
		Release|Any CPU = Release|Any CPU
	EndGlobalSection
	GlobalSection(ProjectConfigurationPlatforms) = postSolution
		{FD3AB4BA-E124-4BC8-9527-82B596FFB32F}.Debug|Any CPU.ActiveCfg = Debug|Any CPU
		{FD3AB4BA-E124-4BC8-9527-82B596FFB32F}.Debug|Any CPU.Build.0 = Debug|Any CPU
		{FD3AB4BA-E124-4BC8-9527-82B596FFB32F}.Release|Any CPU.ActiveCfg = Release|Any CPU
		{FD3AB4BA-E124-4BC8-9527-82B596FFB32F}.Release|Any CPU.Build.0 = Release|Any CPU
		{DE90C956-0370-43FE-950F-5326196181C2}.Debug|Any CPU.ActiveCfg = Debug|Any CPU
		{DE90C956-0370-43FE-950F-5326196181C2}.Debug|Any CPU.Build.0 = Debug|Any CPU
		{DE90C956-0370-43FE-950F-5326196181C2}.Release|Any CPU.ActiveCfg = Release|Any CPU
		{DE90C956-0370-43FE-950F-5326196181C2}.Release|Any CPU.Build.0 = Release|Any CPU
		{EF1161BB-F69E-420A-AF20-4EC83ED5E4BF}.Debug|Any CPU.ActiveCfg = Debug|Any CPU
		{EF1161BB-F69E-420A-AF20-4EC83ED5E4BF}.Debug|Any CPU.Build.0 = Debug|Any CPU
		{EF1161BB-F69E-420A-AF20-4EC83ED5E4BF}.Release|Any CPU.ActiveCfg = Release|Any CPU
		{EF1161BB-F69E-420A-AF20-4EC83ED5E4BF}.Release|Any CPU.Build.0 = Release|Any CPU
		{C1904AF6-FB0E-4199-BB83-1080562AFBE5}.Debug|Any CPU.ActiveCfg = Debug|Any CPU
		{C1904AF6-FB0E-4199-BB83-1080562AFBE5}.Debug|Any CPU.Build.0 = Debug|Any CPU
		{C1904AF6-FB0E-4199-BB83-1080562AFBE5}.Release|Any CPU.ActiveCfg = Release|Any CPU
		{C1904AF6-FB0E-4199-BB83-1080562AFBE5}.Release|Any CPU.Build.0 = Release|Any CPU
	EndGlobalSection
	GlobalSection(SolutionProperties) = preSolution
		HideSolutionNode = FALSE
	EndGlobalSection
	GlobalSection(ExtensibilityGlobals) = postSolution
		SolutionGuid = {863CC8A7-7969-4176-A04A-A3074905AD07}
	EndGlobalSection
EndGlobal
